Microsoft Visual Studio Solution File, Format Version 11.00
# Visual Studio 2008

Project("{ACAEA6F3-3322-5834-D5A8-DF7AA90FC5DF}") = "test2_32", "Assembly-CSharp-firstpass.csproj", "{713B99AB-0638-5D10-CC5C-5F848A90031D}"
EndProject
Project("{ACAEA6F3-3322-5834-D5A8-DF7AA90FC5DF}") = "test2_32", "Assembly-CSharp.csproj", "{89E36CA3-01AD-21A0-64C2-4A470FC242C6}"
EndProject
Project("{ACAEA6F3-3322-5834-D5A8-DF7AA90FC5DF}") = "test2_32", "Assembly-CSharp-Editor.csproj", "{FF95F5A3-C804-6E64-F938-D82EFBB2FDBD}"
EndProject
Project("{ACAEA6F3-3322-5834-D5A8-DF7AA90FC5DF}") = "test2_32", "Assembly-UnityScript.unityproj", "{B9E453AF-2B5F-DC1A-00A3-C7620E63A16C}"
EndProject
Global
	GlobalSection(SolutionConfigurationPlatforms) = preSolution
		Debug|Any CPU = Debug|Any CPU
		Release|Any CPU = Release|Any CPU
	EndGlobalSection
	GlobalSection(ProjectConfigurationPlatforms) = postSolution
		{713B99AB-0638-5D10-CC5C-5F848A90031D}.Debug|Any CPU.ActiveCfg = Debug|Any CPU
		{713B99AB-0638-5D10-CC5C-5F848A90031D}.Debug|Any CPU.Build.0 = Debug|Any CPU
		{713B99AB-0638-5D10-CC5C-5F848A90031D}.Release|Any CPU.ActiveCfg = Release|Any CPU
		{713B99AB-0638-5D10-CC5C-5F848A90031D}.Release|Any CPU.Build.0 = Release|Any CPU
		{89E36CA3-01AD-21A0-64C2-4A470FC242C6}.Debug|Any CPU.ActiveCfg = Debug|Any CPU
		{89E36CA3-01AD-21A0-64C2-4A470FC242C6}.Debug|Any CPU.Build.0 = Debug|Any CPU
		{89E36CA3-01AD-21A0-64C2-4A470FC242C6}.Release|Any CPU.ActiveCfg = Release|Any CPU
		{89E36CA3-01AD-21A0-64C2-4A470FC242C6}.Release|Any CPU.Build.0 = Release|Any CPU
		{FF95F5A3-C804-6E64-F938-D82EFBB2FDBD}.Debug|Any CPU.ActiveCfg = Debug|Any CPU
		{FF95F5A3-C804-6E64-F938-D82EFBB2FDBD}.Debug|Any CPU.Build.0 = Debug|Any CPU
		{FF95F5A3-C804-6E64-F938-D82EFBB2FDBD}.Release|Any CPU.ActiveCfg = Release|Any CPU
		{FF95F5A3-C804-6E64-F938-D82EFBB2FDBD}.Release|Any CPU.Build.0 = Release|Any CPU
		{B9E453AF-2B5F-DC1A-00A3-C7620E63A16C}.Debug|Any CPU.ActiveCfg = Debug|Any CPU
		{B9E453AF-2B5F-DC1A-00A3-C7620E63A16C}.Debug|Any CPU.Build.0 = Debug|Any CPU
		{B9E453AF-2B5F-DC1A-00A3-C7620E63A16C}.Release|Any CPU.ActiveCfg = Release|Any CPU
		{B9E453AF-2B5F-DC1A-00A3-C7620E63A16C}.Release|Any CPU.Build.0 = Release|Any CPU
	EndGlobalSection
	GlobalSection(SolutionProperties) = preSolution
		HideSolutionNode = FALSE
	EndGlobalSection
																																												GlobalSection(MonoDevelopProperties) = preSolution
		StartupItem = Assembly-CSharp.csproj
		Policies = $0
		$0.TextStylePolicy = $1
		$1.inheritsSet = null
		$1.scope = text/x-csharp
		$0.CSharpFormattingPolicy = $2
		$2.inheritsSet = Mono
		$2.inheritsScope = text/x-csharp
		$2.scope = text/x-csharp
		$0.TextStylePolicy = $3
		$3.FileWidth = 120
		$3.TabWidth = 4
		$3.IndentWidth = 4
		$3.EolMarker = Unix
		$3.inheritsSet = Mono
		$3.inheritsScope = text/plain
		$3.scope = text/plain
	EndGlobalSection

EndGlobal
